
Microsoft Visual Studio Solution File, Format Version 12.00
# Visual Studio Version 16
VisualStudioVersion = 16.0.31321.278
MinimumVisualStudioVersion = 10.0.40219.1
Project("{9A19103F-16F7-4668-BE54-9A1E7A4F7556}") = "CF18_console", "CF18_console\CF18_console.csproj", "{7794540D-345D-41B6-AE0A-93E7455C4113}"
EndProject
Project("{FAE04EC0-301F-11D3-BF4B-00C04F79EFBC}") = "CF18_gui", "CF18_gui\CF18_gui.csproj", "{1C1E1313-5581-4E38-ADA9-64CD566CAD90}"
EndProject
Global
	GlobalSection(SolutionConfigurationPlatforms) = preSolution
		Debug|Any CPU = Debug|Any CPU
		Release|Any CPU = Release|Any CPU
	EndGlobalSection
	GlobalSection(ProjectConfigurationPlatforms) = postSolution
		{7794540D-345D-41B6-AE0A-93E7455C4113}.Debug|Any CPU.ActiveCfg = Debug|Any CPU
		{7794540D-345D-41B6-AE0A-93E7455C4113}.Debug|Any CPU.Build.0 = Debug|Any CPU
		{7794540D-345D-41B6-AE0A-93E7455C4113}.Release|Any CPU.ActiveCfg = Release|Any CPU
		{7794540D-345D-41B6-AE0A-93E7455C4113}.Release|Any CPU.Build.0 = Release|Any CPU
		{1C1E1313-5581-4E38-ADA9-64CD566CAD90}.Debug|Any CPU.ActiveCfg = Debug|Any CPU
		{1C1E1313-5581-4E38-ADA9-64CD566CAD90}.Debug|Any CPU.Build.0 = Debug|Any CPU
		{1C1E1313-5581-4E38-ADA9-64CD566CAD90}.Release|Any CPU.ActiveCfg = Release|Any CPU
		{1C1E1313-5581-4E38-ADA9-64CD566CAD90}.Release|Any CPU.Build.0 = Release|Any CPU
	EndGlobalSection
	GlobalSection(SolutionProperties) = preSolution
		HideSolutionNode = FALSE
	EndGlobalSection
	GlobalSection(ExtensibilityGlobals) = postSolution
		SolutionGuid = {A6733AD9-AC14-4D5B-A25C-C48B4A4AC751}
	EndGlobalSection
EndGlobal
